
Microsoft Visual Studio Solution File, Format Version 12.00
# Visual Studio Version 16
VisualStudioVersion = 16.0.29215.179
MinimumVisualStudioVersion = 10.0.40219.1
Project("{8BC9CEB8-8B4A-11D0-8D11-00A0C91BC942}") = "004. Median of Two Sorted Arrays", "004. Median of Two Sorted Arrays\004. Median of Two Sorted Arrays.vcxproj", "{A6B7E97D-5609-4DA1-B2CD-06357EBEC557}"
EndProject
Project("{8BC9CEB8-8B4A-11D0-8D11-00A0C91BC942}") = "001. Two Sum", "001. Two Sum\001. Two Sum.vcxproj", "{CFAD7FBC-40E8-4DC2-B876-20EF7EC7F5C8}"
EndProject
Project("{8BC9CEB8-8B4A-11D0-8D11-00A0C91BC942}") = "002. Add Two Numbers", "002. Add Two Numbers\002. Add Two Numbers.vcxproj", "{6697535B-48C2-421A-A7BF-140932CA71E7}"
EndProject
Project("{8BC9CEB8-8B4A-11D0-8D11-00A0C91BC942}") = "003. Longest Substring Without Repeating Characters", "003. Longest Substring Without Repeating Characters\003. Longest Substring Without Repeating Characters.vcxproj", "{783A7ECA-0F54-4081-9450-4EF48402130B}"
EndProject
Project("{8BC9CEB8-8B4A-11D0-8D11-00A0C91BC942}") = "005. Longest Palindromic Substring", "005. Longest Palindromic Substring\005. Longest Palindromic Substring.vcxproj", "{E50C87C0-9FEF-4E7A-AC19-8C1F4DBCBCA5}"
EndProject
Project("{8BC9CEB8-8B4A-11D0-8D11-00A0C91BC942}") = "006. ZigZag Conversion", "006. ZigZag Conversion\006. ZigZag Conversion.vcxproj", "{25658CB1-D006-44DC-A4A8-9D6C94CA9133}"
EndProject
Global
	GlobalSection(SolutionConfigurationPlatforms) = preSolution
		Debug|x64 = Debug|x64
		Debug|x86 = Debug|x86
		Release|x64 = Release|x64
		Release|x86 = Release|x86
	EndGlobalSection
	GlobalSection(ProjectConfigurationPlatforms) = postSolution
		{A6B7E97D-5609-4DA1-B2CD-06357EBEC557}.Debug|x64.ActiveCfg = Debug|x64
		{A6B7E97D-5609-4DA1-B2CD-06357EBEC557}.Debug|x64.Build.0 = Debug|x64
		{A6B7E97D-5609-4DA1-B2CD-06357EBEC557}.Debug|x86.ActiveCfg = Debug|Win32
		{A6B7E97D-5609-4DA1-B2CD-06357EBEC557}.Debug|x86.Build.0 = Debug|Win32
		{A6B7E97D-5609-4DA1-B2CD-06357EBEC557}.Release|x64.ActiveCfg = Release|x64
		{A6B7E97D-5609-4DA1-B2CD-06357EBEC557}.Release|x64.Build.0 = Release|x64
		{A6B7E97D-5609-4DA1-B2CD-06357EBEC557}.Release|x86.ActiveCfg = Release|Win32
		{A6B7E97D-5609-4DA1-B2CD-06357EBEC557}.Release|x86.Build.0 = Release|Win32
		{CFAD7FBC-40E8-4DC2-B876-20EF7EC7F5C8}.Debug|x64.ActiveCfg = Debug|x64
		{CFAD7FBC-40E8-4DC2-B876-20EF7EC7F5C8}.Debug|x64.Build.0 = Debug|x64
		{CFAD7FBC-40E8-4DC2-B876-20EF7EC7F5C8}.Debug|x86.ActiveCfg = Debug|Win32
		{CFAD7FBC-40E8-4DC2-B876-20EF7EC7F5C8}.Debug|x86.Build.0 = Debug|Win32
		{CFAD7FBC-40E8-4DC2-B876-20EF7EC7F5C8}.Release|x64.ActiveCfg = Release|x64
		{CFAD7FBC-40E8-4DC2-B876-20EF7EC7F5C8}.Release|x64.Build.0 = Release|x64
		{CFAD7FBC-40E8-4DC2-B876-20EF7EC7F5C8}.Release|x86.ActiveCfg = Release|Win32
		{CFAD7FBC-40E8-4DC2-B876-20EF7EC7F5C8}.Release|x86.Build.0 = Release|Win32
		{6697535B-48C2-421A-A7BF-140932CA71E7}.Debug|x64.ActiveCfg = Debug|x64
		{6697535B-48C2-421A-A7BF-140932CA71E7}.Debug|x64.Build.0 = Debug|x64
		{6697535B-48C2-421A-A7BF-140932CA71E7}.Debug|x86.ActiveCfg = Debug|Win32
		{6697535B-48C2-421A-A7BF-140932CA71E7}.Debug|x86.Build.0 = Debug|Win32
		{6697535B-48C2-421A-A7BF-140932CA71E7}.Release|x64.ActiveCfg = Release|x64
		{6697535B-48C2-421A-A7BF-140932CA71E7}.Release|x64.Build.0 = Release|x64
		{6697535B-48C2-421A-A7BF-140932CA71E7}.Release|x86.ActiveCfg = Release|Win32
		{6697535B-48C2-421A-A7BF-140932CA71E7}.Release|x86.Build.0 = Release|Win32
		{783A7ECA-0F54-4081-9450-4EF48402130B}.Debug|x64.ActiveCfg = Debug|x64
		{783A7ECA-0F54-4081-9450-4EF48402130B}.Debug|x64.Build.0 = Debug|x64
		{783A7ECA-0F54-4081-9450-4EF48402130B}.Debug|x86.ActiveCfg = Debug|Win32
		{783A7ECA-0F54-4081-9450-4EF48402130B}.Debug|x86.Build.0 = Debug|Win32
		{783A7ECA-0F54-4081-9450-4EF48402130B}.Release|x64.ActiveCfg = Release|x64
		{783A7ECA-0F54-4081-9450-4EF48402130B}.Release|x64.Build.0 = Release|x64
		{783A7ECA-0F54-4081-9450-4EF48402130B}.Release|x86.ActiveCfg = Release|Win32
		{783A7ECA-0F54-4081-9450-4EF48402130B}.Release|x86.Build.0 = Release|Win32
		{E50C87C0-9FEF-4E7A-AC19-8C1F4DBCBCA5}.Debug|x64.ActiveCfg = Debug|x64
		{E50C87C0-9FEF-4E7A-AC19-8C1F4DBCBCA5}.Debug|x64.Build.0 = Debug|x64
		{E50C87C0-9FEF-4E7A-AC19-8C1F4DBCBCA5}.Debug|x86.ActiveCfg = Debug|Win32
		{E50C87C0-9FEF-4E7A-AC19-8C1F4DBCBCA5}.Debug|x86.Build.0 = Debug|Win32
		{E50C87C0-9FEF-4E7A-AC19-8C1F4DBCBCA5}.Release|x64.ActiveCfg = Release|x64
		{E50C87C0-9FEF-4E7A-AC19-8C1F4DBCBCA5}.Release|x64.Build.0 = Release|x64
		{E50C87C0-9FEF-4E7A-AC19-8C1F4DBCBCA5}.Release|x86.ActiveCfg = Release|Win32
		{E50C87C0-9FEF-4E7A-AC19-8C1F4DBCBCA5}.Release|x86.Build.0 = Release|Win32
		{25658CB1-D006-44DC-A4A8-9D6C94CA9133}.Debug|x64.ActiveCfg = Debug|x64
		{25658CB1-D006-44DC-A4A8-9D6C94CA9133}.Debug|x64.Build.0 = Debug|x64
		{25658CB1-D006-44DC-A4A8-9D6C94CA9133}.Debug|x86.ActiveCfg = Debug|Win32
		{25658CB1-D006-44DC-A4A8-9D6C94CA9133}.Debug|x86.Build.0 = Debug|Win32
		{25658CB1-D006-44DC-A4A8-9D6C94CA9133}.Release|x64.ActiveCfg = Release|x64
		{25658CB1-D006-44DC-A4A8-9D6C94CA9133}.Release|x64.Build.0 = Release|x64
		{25658CB1-D006-44DC-A4A8-9D6C94CA9133}.Release|x86.ActiveCfg = Release|Win32
		{25658CB1-D006-44DC-A4A8-9D6C94CA9133}.Release|x86.Build.0 = Release|Win32
	EndGlobalSection
	GlobalSection(SolutionProperties) = preSolution
		HideSolutionNode = FALSE
	EndGlobalSection
	GlobalSection(ExtensibilityGlobals) = postSolution
		SolutionGuid = {9FD5D74F-A00F-4B92-BC21-C705BC068604}
	EndGlobalSection
EndGlobal
